// !$*UTF8*$!
{
	archiveVersion = 1;
	classes = {
	};
	objectVersion = 56;
	objects = {

/* Begin PBXBuildFile section */
		333FFE462A162E2C00D59C97 /* MemorizeApp.swift in Sources */ = {isa = PBXBuildFile; fileRef = 333FFE452A162E2C00D59C97 /* MemorizeApp.swift */; };
		333FFE482A162E2C00D59C97 /* EmojiMemoryGameView.swift in Sources */ = {isa = PBXBuildFile; fileRef = 333FFE472A162E2C00D59C97 /* EmojiMemoryGameView.swift */; };
		333FFE4A2A162E2D00D59C97 /* Assets.xcassets in Resources */ = {isa = PBXBuildFile; fileRef = 333FFE492A162E2D00D59C97 /* Assets.xcassets */; };
		333FFE4D2A162E2D00D59C97 /* Preview Assets.xcassets in Resources */ = {isa = PBXBuildFile; fileRef = 333FFE4C2A162E2D00D59C97 /* Preview Assets.xcassets */; };
		333FFE572A162E2D00D59C97 /* test01Tests.swift in Sources */ = {isa = PBXBuildFile; fileRef = 333FFE562A162E2D00D59C97 /* test01Tests.swift */; };
		333FFE612A162E2D00D59C97 /* test01UITests.swift in Sources */ = {isa = PBXBuildFile; fileRef = 333FFE602A162E2D00D59C97 /* test01UITests.swift */; };
		333FFE632A162E2D00D59C97 /* test01UITestsLaunchTests.swift in Sources */ = {isa = PBXBuildFile; fileRef = 333FFE622A162E2D00D59C97 /* test01UITestsLaunchTests.swift */; };
		33A740F22A62539F002C315E /* MemoryGame.swift in Sources */ = {isa = PBXBuildFile; fileRef = 33A740F12A62539F002C315E /* MemoryGame.swift */; };
		33A740F42A6253C0002C315E /* EmojiMemoryGame.swift in Sources */ = {isa = PBXBuildFile; fileRef = 33A740F32A6253C0002C315E /* EmojiMemoryGame.swift */; };
/* End PBXBuildFile section */

/* Begin PBXContainerItemProxy section */
		333FFE532A162E2D00D59C97 /* PBXContainerItemProxy */ = {
			isa = PBXContainerItemProxy;
			containerPortal = 333FFE3A2A162E2C00D59C97 /* Project object */;
			proxyType = 1;
			remoteGlobalIDString = 333FFE412A162E2C00D59C97;
			remoteInfo = test01;
		};
		333FFE5D2A162E2D00D59C97 /* PBXContainerItemProxy */ = {
			isa = PBXContainerItemProxy;
			containerPortal = 333FFE3A2A162E2C00D59C97 /* Project object */;
			proxyType = 1;
			remoteGlobalIDString = 333FFE412A162E2C00D59C97;
			remoteInfo = test01;
		};
/* End PBXContainerItemProxy section */

/* Begin PBXFileReference section */
		333FFE422A162E2C00D59C97 /* test01.app */ = {isa = PBXFileReference; explicitFileType = wrapper.application; includeInIndex = 0; path = test01.app; sourceTree = BUILT_PRODUCTS_DIR; };
		333FFE452A162E2C00D59C97 /* MemorizeApp.swift */ = {isa = PBXFileReference; lastKnownFileType = sourcecode.swift; path = MemorizeApp.swift; sourceTree = "<group>"; };
		333FFE472A162E2C00D59C97 /* EmojiMemoryGameView.swift */ = {isa = PBXFileReference; lastKnownFileType = sourcecode.swift; path = EmojiMemoryGameView.swift; sourceTree = "<group>"; };
		333FFE492A162E2D00D59C97 /* Assets.xcassets */ = {isa = PBXFileReference; lastKnownFileType = folder.assetcatalog; path = Assets.xcassets; sourceTree = "<group>"; };
		333FFE4C2A162E2D00D59C97 /* Preview Assets.xcassets */ = {isa = PBXFileReference; lastKnownFileType = folder.assetcatalog; path = "Preview Assets.xcassets"; sourceTree = "<group>"; };
		333FFE522A162E2D00D59C97 /* test01Tests.xctest */ = {isa = PBXFileReference; explicitFileType = wrapper.cfbundle; includeInIndex = 0; path = test01Tests.xctest; sourceTree = BUILT_PRODUCTS_DIR; };
		333FFE562A162E2D00D59C97 /* test01Tests.swift */ = {isa = PBXFileReference; lastKnownFileType = sourcecode.swift; path = test01Tests.swift; sourceTree = "<group>"; };
		333FFE5C2A162E2D00D59C97 /* test01UITests.xctest */ = {isa = PBXFileReference; explicitFileType = wrapper.cfbundle; includeInIndex = 0; path = test01UITests.xctest; sourceTree = BUILT_PRODUCTS_DIR; };
		333FFE602A162E2D00D59C97 /* test01UITests.swift */ = {isa = PBXFileReference; lastKnownFileType = sourcecode.swift; path = test01UITests.swift; sourceTree = "<group>"; };
		333FFE622A162E2D00D59C97 /* test01UITestsLaunchTests.swift */ = {isa = PBXFileReference; lastKnownFileType = sourcecode.swift; path = test01UITestsLaunchTests.swift; sourceTree = "<group>"; };
		33A740F12A62539F002C315E /* MemoryGame.swift */ = {isa = PBXFileReference; lastKnownFileType = sourcecode.swift; path = MemoryGame.swift; sourceTree = "<group>"; };
		33A740F32A6253C0002C315E /* EmojiMemoryGame.swift */ = {isa = PBXFileReference; lastKnownFileType = sourcecode.swift; path = EmojiMemoryGame.swift; sourceTree = "<group>"; };
/* End PBXFileReference section */

/* Begin PBXFrameworksBuildPhase section */
		333FFE3F2A162E2C00D59C97 /* Frameworks */ = {
			isa = PBXFrameworksBuildPhase;
			buildActionMask = 2147483647;
			files = (
			);
			runOnlyForDeploymentPostprocessing = 0;
		};
		333FFE4F2A162E2D00D59C97 /* Frameworks */ = {
			isa = PBXFrameworksBuildPhase;
			buildActionMask = 2147483647;
			files = (
			);
			runOnlyForDeploymentPostprocessing = 0;
		};
		333FFE592A162E2D00D59C97 /* Frameworks */ = {
			isa = PBXFrameworksBuildPhase;
			buildActionMask = 2147483647;
			files = (
			);
			runOnlyForDeploymentPostprocessing = 0;
		};
/* End PBXFrameworksBuildPhase section */

/* Begin PBXGroup section */
		333FFE392A162E2C00D59C97 = {
			isa = PBXGroup;
			children = (
				333FFE442A162E2C00D59C97 /* test01 */,
				333FFE552A162E2D00D59C97 /* test01Tests */,
				333FFE5F2A162E2D00D59C97 /* test01UITests */,
				333FFE432A162E2C00D59C97 /* Products */,
			);
			sourceTree = "<group>";
		};
		333FFE432A162E2C00D59C97 /* Products */ = {
			isa = PBXGroup;
			children = (
				333FFE422A162E2C00D59C97 /* test01.app */,
				333FFE522A162E2D00D59C97 /* test01Tests.xctest */,
				333FFE5C2A162E2D00D59C97 /* test01UITests.xctest */,
			);
			name = Products;
			sourceTree = "<group>";
		};
		333FFE442A162E2C00D59C97 /* test01 */ = {
			isa = PBXGroup;
			children = (
				333FFE452A162E2C00D59C97 /* MemorizeApp.swift */,
				333FFE472A162E2C00D59C97 /* EmojiMemoryGameView.swift */,
				333FFE492A162E2D00D59C97 /* Assets.xcassets */,
				333FFE4B2A162E2D00D59C97 /* Preview Content */,
				33A740F12A62539F002C315E /* MemoryGame.swift */,
				33A740F32A6253C0002C315E /* EmojiMemoryGame.swift */,
			);
			path = test01;
			sourceTree = "<group>";
		};
		333FFE4B2A162E2D00D59C97 /* Preview Content */ = {
			isa = PBXGroup;
			children = (
				333FFE4C2A162E2D00D59C97 /* Preview Assets.xcassets */,
			);
			path = "Preview Content";
			sourceTree = "<group>";
		};
		333FFE552A162E2D00D59C97 /* test01Tests */ = {
			isa = PBXGroup;
			children = (
				333FFE562A162E2D00D59C97 /* test01Tests.swift */,
			);
			path = test01Tests;
			sourceTree = "<group>";
		};
		333FFE5F2A162E2D00D59C97 /* test01UITests */ = {
			isa = PBXGroup;
			children = (
				333FFE602A162E2D00D59C97 /* test01UITests.swift */,
				333FFE622A162E2D00D59C97 /* test01UITestsLaunchTests.swift */,
			);
			path = test01UITests;
			sourceTree = "<group>";
		};
/* End PBXGroup section */

/* Begin PBXNativeTarget section */
		333FFE412A162E2C00D59C97 /* test01 */ = {
			isa = PBXNativeTarget;
			buildConfigurationList = 333FFE662A162E2D00D59C97 /* Build configuration list for PBXNativeTarget "test01" */;
			buildPhases = (
				333FFE3E2A162E2C00D59C97 /* Sources */,
				333FFE3F2A162E2C00D59C97 /* Frameworks */,
				333FFE402A162E2C00D59C97 /* Resources */,
			);
			buildRules = (
			);
			dependencies = (
			);
			name = test01;
			productName = test01;
			productReference = 333FFE422A162E2C00D59C97 /* test01.app */;
			productType = "com.apple.product-type.application";
		};
		333FFE512A162E2D00D59C97 /* test01Tests */ = {
			isa = PBXNativeTarget;
			buildConfigurationList = 333FFE692A162E2D00D59C97 /* Build configuration list for PBXNativeTarget "test01Tests" */;
			buildPhases = (
				333FFE4E2A162E2D00D59C97 /* Sources */,
				333FFE4F2A162E2D00D59C97 /* Frameworks */,
				333FFE502A162E2D00D59C97 /* Resources */,
			);
			buildRules = (
			);
			dependencies = (
				333FFE542A162E2D00D59C97 /* PBXTargetDependency */,
			);
			name = test01Tests;
			productName = test01Tests;
			productReference = 333FFE522A162E2D00D59C97 /* test01Tests.xctest */;
			productType = "com.apple.product-type.bundle.unit-test";
		};
		333FFE5B2A162E2D00D59C97 /* test01UITests */ = {
			isa = PBXNativeTarget;
			buildConfigurationList = 333FFE6C2A162E2D00D59C97 /* Build configuration list for PBXNativeTarget "test01UITests" */;
			buildPhases = (
				333FFE582A162E2D00D59C97 /* Sources */,
				333FFE592A162E2D00D59C97 /* Frameworks */,
				333FFE5A2A162E2D00D59C97 /* Resources */,
			);
			buildRules = (
			);
			dependencies = (
				333FFE5E2A162E2D00D59C97 /* PBXTargetDependency */,
			);
			name = test01UITests;
			productName = test01UITests;
			productReference = 333FFE5C2A162E2D00D59C97 /* test01UITests.xctest */;
			productType = "com.apple.product-type.bundle.ui-testing";
		};
/* End PBXNativeTarget section */

/* Begin PBXProject section */
		333FFE3A2A162E2C00D59C97 /* Project object */ = {
			isa = PBXProject;
			attributes = {
				BuildIndependentTargetsInParallel = 1;
				LastSwiftUpdateCheck = 1430;
				LastUpgradeCheck = 1430;
				TargetAttributes = {
					333FFE412A162E2C00D59C97 = {
						CreatedOnToolsVersion = 14.3;
					};
					333FFE512A162E2D00D59C97 = {
						CreatedOnToolsVersion = 14.3;
						TestTargetID = 333FFE412A162E2C00D59C97;
					};
					333FFE5B2A162E2D00D59C97 = {
						CreatedOnToolsVersion = 14.3;
						TestTargetID = 333FFE412A162E2C00D59C97;
					};
				};
			};
			buildConfigurationList = 333FFE3D2A162E2C00D59C97 /* Build configuration list for PBXProject "test01" */;
			compatibilityVersion = "Xcode 14.0";
			developmentRegion = en;
			hasScannedForEncodings = 0;
			knownRegions = (
				en,
				Base,
			);
			mainGroup = 333FFE392A162E2C00D59C97;
			productRefGroup = 333FFE432A162E2C00D59C97 /* Products */;
			projectDirPath = "";
			projectRoot = "";
			targets = (
				333FFE412A162E2C00D59C97 /* test01 */,
				333FFE512A162E2D00D59C97 /* test01Tests */,
				333FFE5B2A162E2D00D59C97 /* test01UITests */,
			);
		};
/* End PBXProject section */

/* Begin PBXResourcesBuildPhase section */
		333FFE402A162E2C00D59C97 /* Resources */ = {
			isa = PBXResourcesBuildPhase;
			buildActionMask = 2147483647;
			files = (
				333FFE4D2A162E2D00D59C97 /* Preview Assets.xcassets in Resources */,
				333FFE4A2A162E2D00D59C97 /* Assets.xcassets in Resources */,
			);
			runOnlyForDeploymentPostprocessing = 0;
		};
		333FFE502A162E2D00D59C97 /* Resources */ = {
			isa = PBXResourcesBuildPhase;
			buildActionMask = 2147483647;
			files = (
			);
			runOnlyForDeploymentPostprocessing = 0;
		};
		333FFE5A2A162E2D00D59C97 /* Resources */ = {
			isa = PBXResourcesBuildPhase;
			buildActionMask = 2147483647;
			files = (
			);
			runOnlyForDeploymentPostprocessing = 0;
		};
/* End PBXResourcesBuildPhase section */

/* Begin PBXSourcesBuildPhase section */
		333FFE3E2A162E2C00D59C97 /* Sources */ = {
			isa = PBXSourcesBuildPhase;
			buildActionMask = 2147483647;
			files = (
				33A740F22A62539F002C315E /* MemoryGame.swift in Sources */,
				333FFE482A162E2C00D59C97 /* EmojiMemoryGameView.swift in Sources */,
				333FFE462A162E2C00D59C97 /* MemorizeApp.swift in Sources */,
				33A740F42A6253C0002C315E /* EmojiMemoryGame.swift in Sources */,
			);
			runOnlyForDeploymentPostprocessing = 0;
		};
		333FFE4E2A162E2D00D59C97 /* Sources */ = {
			isa = PBXSourcesBuildPhase;
			buildActionMask = 2147483647;
			files = (
				333FFE572A162E2D00D59C97 /* test01Tests.swift in Sources */,
			);
			runOnlyForDeploymentPostprocessing = 0;
		};
		333FFE582A162E2D00D59C97 /* Sources */ = {
			isa = PBXSourcesBuildPhase;
			buildActionMask = 2147483647;
			files = (
				333FFE612A162E2D00D59C97 /* test01UITests.swift in Sources */,
				333FFE632A162E2D00D59C97 /* test01UITestsLaunchTests.swift in Sources */,
			);
			runOnlyForDeploymentPostprocessing = 0;
		};
/* End PBXSourcesBuildPhase section */

/* Begin PBXTargetDependency section */
		333FFE542A162E2D00D59C97 /* PBXTargetDependency */ = {
			isa = PBXTargetDependency;
			target = 333FFE412A162E2C00D59C97 /* test01 */;
			targetProxy = 333FFE532A162E2D00D59C97 /* PBXContainerItemProxy */;
		};
		333FFE5E2A162E2D00D59C97 /* PBXTargetDependency */ = {
			isa = PBXTargetDependency;
			target = 333FFE412A162E2C00D59C97 /* test01 */;
			targetProxy = 333FFE5D2A162E2D00D59C97 /* PBXContainerItemProxy */;
		};
/* End PBXTargetDependency section */

/* Begin XCBuildConfiguration section */
		333FFE642A162E2D00D59C97 /* Debug */ = {
			isa = XCBuildConfiguration;
			buildSettings = {
				ALWAYS_SEARCH_USER_PATHS = NO;
				CLANG_ANALYZER_NONNULL = YES;
				CLANG_ANALYZER_NUMBER_OBJECT_CONVERSION = YES_AGGRESSIVE;
				CLANG_CXX_LANGUAGE_STANDARD = "gnu++20";
				CLANG_ENABLE_MODULES = YES;
				CLANG_ENABLE_OBJC_ARC = YES;
				CLANG_ENABLE_OBJC_WEAK = YES;
				CLANG_WARN_BLOCK_CAPTURE_AUTORELEASING = YES;
				CLANG_WARN_BOOL_CONVERSION = YES;
				CLANG_WARN_COMMA = YES;
				CLANG_WARN_CONSTANT_CONVERSION = YES;
				CLANG_WARN_DEPRECATED_OBJC_IMPLEMENTATIONS = YES;
				CLANG_WARN_DIRECT_OBJC_ISA_USAGE = YES_ERROR;
				CLANG_WARN_DOCUMENTATION_COMMENTS = YES;
				CLANG_WARN_EMPTY_BODY = YES;
				CLANG_WARN_ENUM_CONVERSION = YES;
				CLANG_WARN_INFINITE_RECURSION = YES;
				CLANG_WARN_INT_CONVERSION = YES;
				CLANG_WARN_NON_LITERAL_NULL_CONVERSION = YES;
				CLANG_WARN_OBJC_IMPLICIT_RETAIN_SELF = YES;
				CLANG_WARN_OBJC_LITERAL_CONVERSION = YES;
				CLANG_WARN_OBJC_ROOT_CLASS = YES_ERROR;
				CLANG_WARN_QUOTED_INCLUDE_IN_FRAMEWORK_HEADER = YES;
				CLANG_WARN_RANGE_LOOP_ANALYSIS = YES;
				CLANG_WARN_STRICT_PROTOTYPES = YES;
				CLANG_WARN_SUSPICIOUS_MOVE = YES;
				CLANG_WARN_UNGUARDED_AVAILABILITY = YES_AGGRESSIVE;
				CLANG_WARN_UNREACHABLE_CODE = YES;
				CLANG_WARN__DUPLICATE_METHOD_MATCH = YES;
				COPY_PHASE_STRIP = NO;
				DEBUG_INFORMATION_FORMAT = dwarf;
				ENABLE_STRICT_OBJC_MSGSEND = YES;
				ENABLE_TESTABILITY = YES;
				GCC_C_LANGUAGE_STANDARD = gnu11;
				GCC_DYNAMIC_NO_PIC = NO;
				GCC_NO_COMMON_BLOCKS = YES;
				GCC_OPTIMIZATION_LEVEL = 0;
				GCC_PREPROCESSOR_DEFINITIONS = (
					"DEBUG=1",
					"$(inherited)",
				);
				GCC_WARN_64_TO_32_BIT_CONVERSION = YES;
				GCC_WARN_ABOUT_RETURN_TYPE = YES_ERROR;
				GCC_WARN_UNDECLARED_SELECTOR = YES;
				GCC_WARN_UNINITIALIZED_AUTOS = YES_AGGRESSIVE;
				GCC_WARN_UNUSED_FUNCTION = YES;
				GCC_WARN_UNUSED_VARIABLE = YES;
				IPHONEOS_DEPLOYMENT_TARGET = 16.4;
				MTL_ENABLE_DEBUG_INFO = INCLUDE_SOURCE;
				MTL_FAST_MATH = YES;
				ONLY_ACTIVE_ARCH = YES;
				SDKROOT = iphoneos;
				SWIFT_ACTIVE_COMPILATION_CONDITIONS = DEBUG;
				SWIFT_OPTIMIZATION_LEVEL = "-Onone";
			};
			name = Debug;
		};
		333FFE652A162E2D00D59C97 /* Release */ = {
			isa = XCBuildConfiguration;
			buildSettings = {
				ALWAYS_SEARCH_USER_PATHS = NO;
				CLANG_ANALYZER_NONNULL = YES;
				CLANG_ANALYZER_NUMBER_OBJECT_CONVERSION = YES_AGGRESSIVE;
				CLANG_CXX_LANGUAGE_STANDARD = "gnu++20";
				CLANG_ENABLE_MODULES = YES;
				CLANG_ENABLE_OBJC_ARC = YES;
				CLANG_ENABLE_OBJC_WEAK = YES;
				CLANG_WARN_BLOCK_CAPTURE_AUTORELEASING = YES;
				CLANG_WARN_BOOL_CONVERSION = YES;
				CLANG_WARN_COMMA = YES;
				CLANG_WARN_CONSTANT_CONVERSION = YES;
				CLANG_WARN_DEPRECATED_OBJC_IMPLEMENTATIONS = YES;
				CLANG_WARN_DIRECT_OBJC_ISA_USAGE = YES_ERROR;
				CLANG_WARN_DOCUMENTATION_COMMENTS = YES;
				CLANG_WARN_EMPTY_BODY = YES;
				CLANG_WARN_ENUM_CONVERSION = YES;
				CLANG_WARN_INFINITE_RECURSION = YES;
				CLANG_WARN_INT_CONVERSION = YES;
				CLANG_WARN_NON_LITERAL_NULL_CONVERSION = YES;
				CLANG_WARN_OBJC_IMPLICIT_RETAIN_SELF = YES;
				CLANG_WARN_OBJC_LITERAL_CONVERSION = YES;
				CLANG_WARN_OBJC_ROOT_CLASS = YES_ERROR;
				CLANG_WARN_QUOTED_INCLUDE_IN_FRAMEWORK_HEADER = YES;
				CLANG_WARN_RANGE_LOOP_ANALYSIS = YES;
				CLANG_WARN_STRICT_PROTOTYPES = YES;
				CLANG_WARN_SUSPICIOUS_MOVE = YES;
				CLANG_WARN_UNGUARDED_AVAILABILITY = YES_AGGRESSIVE;
				CLANG_WARN_UNREACHABLE_CODE = YES;
				CLANG_WARN__DUPLICATE_METHOD_MATCH = YES;
				COPY_PHASE_STRIP = NO;
				DEBUG_INFORMATION_FORMAT = "dwarf-with-dsym";
				ENABLE_NS_ASSERTIONS = NO;
				ENABLE_STRICT_OBJC_MSGSEND = YES;
				GCC_C_LANGUAGE_STANDARD = gnu11;
				GCC_NO_COMMON_BLOCKS = YES;
				GCC_WARN_64_TO_32_BIT_CONVERSION = YES;
				GCC_WARN_ABOUT_RETURN_TYPE = YES_ERROR;
				GCC_WARN_UNDECLARED_SELECTOR = YES;
				GCC_WARN_UNINITIALIZED_AUTOS = YES_AGGRESSIVE;
				GCC_WARN_UNUSED_FUNCTION = YES;
				GCC_WARN_UNUSED_VARIABLE = YES;
				IPHONEOS_DEPLOYMENT_TARGET = 16.4;
				MTL_ENABLE_DEBUG_INFO = NO;
				MTL_FAST_MATH = YES;
				SDKROOT = iphoneos;
				SWIFT_COMPILATION_MODE = wholemodule;
				SWIFT_OPTIMIZATION_LEVEL = "-O";
				VALIDATE_PRODUCT = YES;
			};
			name = Release;
		};
		333FFE672A162E2D00D59C97 /* Debug */ = {
			isa = XCBuildConfiguration;
			buildSettings = {
				ASSETCATALOG_COMPILER_APPICON_NAME = AppIcon;
				ASSETCATALOG_COMPILER_GLOBAL_ACCENT_COLOR_NAME = AccentColor;
				CODE_SIGN_STYLE = Automatic;
				CURRENT_PROJECT_VERSION = 1;
				DEVELOPMENT_ASSET_PATHS = "\"test01/Preview Content\"";
				ENABLE_PREVIEWS = YES;
				GENERATE_INFOPLIST_FILE = YES;
				INFOPLIST_KEY_UIApplicationSceneManifest_Generation = YES;
				INFOPLIST_KEY_UIApplicationSupportsIndirectInputEvents = YES;
				INFOPLIST_KEY_UILaunchScreen_Generation = YES;
				INFOPLIST_KEY_UISupportedInterfaceOrientations_iPad = "UIInterfaceOrientationPortrait UIInterfaceOrientationPortraitUpsideDown UIInterfaceOrientationLandscapeLeft UIInterfaceOrientationLandscapeRight";
				INFOPLIST_KEY_UISupportedInterfaceOrientations_iPhone = "UIInterfaceOrientationPortrait UIInterfaceOrientationLandscapeLeft UIInterfaceOrientationLandscapeRight";
				LD_RUNPATH_SEARCH_PATHS = (
					"$(inherited)",
					"@executable_path/Frameworks",
				);
				MARKETING_VERSION = 1.0;
				PRODUCT_BUNDLE_IDENTIFIER = kr.co.gpris.test01;
				PRODUCT_NAME = "$(TARGET_NAME)";
				SWIFT_EMIT_LOC_STRINGS = YES;
				SWIFT_VERSION = 5.0;
				TARGETED_DEVICE_FAMILY = "1,2";
			};
			name = Debug;
		};
		333FFE682A162E2D00D59C97 /* Release */ = {
			isa = XCBuildConfiguration;
			buildSettings = {
				ASSETCATALOG_COMPILER_APPICON_NAME = AppIcon;
				ASSETCATALOG_COMPILER_GLOBAL_ACCENT_COLOR_NAME = AccentColor;
				CODE_SIGN_STYLE = Automatic;
				CURRENT_PROJECT_VERSION = 1;
				DEVELOPMENT_ASSET_PATHS = "\"test01/Preview Content\"";
				ENABLE_PREVIEWS = YES;
				GENERATE_INFOPLIST_FILE = YES;
				INFOPLIST_KEY_UIApplicationSceneManifest_Generation = YES;
				INFOPLIST_KEY_UIApplicationSupportsIndirectInputEvents = YES;
				INFOPLIST_KEY_UILaunchScreen_Generation = YES;
				INFOPLIST_KEY_UISupportedInterfaceOrientations_iPad = "UIInterfaceOrientationPortrait UIInterfaceOrientationPortraitUpsideDown UIInterfaceOrientationLandscapeLeft UIInterfaceOrientationLandscapeRight";
				INFOPLIST_KEY_UISupportedInterfaceOrientations_iPhone = "UIInterfaceOrientationPortrait UIInterfaceOrientationLandscapeLeft UIInterfaceOrientationLandscapeRight";
				LD_RUNPATH_SEARCH_PATHS = (
					"$(inherited)",
					"@executable_path/Frameworks",
				);
				MARKETING_VERSION = 1.0;
				PRODUCT_BUNDLE_IDENTIFIER = kr.co.gpris.test01;
				PRODUCT_NAME = "$(TARGET_NAME)";
				SWIFT_EMIT_LOC_STRINGS = YES;
				SWIFT_VERSION = 5.0;
				TARGETED_DEVICE_FAMILY = "1,2";
			};
			name = Release;
		};
		333FFE6A2A162E2D00D59C97 /* Debug */ = {
			isa = XCBuildConfiguration;
			buildSettings = {
				ALWAYS_EMBED_SWIFT_STANDARD_LIBRARIES = YES;
				BUNDLE_LOADER = "$(TEST_HOST)";
				CODE_SIGN_STYLE = Automatic;
				CURRENT_PROJECT_VERSION = 1;
				GENERATE_INFOPLIST_FILE = YES;
				IPHONEOS_DEPLOYMENT_TARGET = 16.4;
				MARKETING_VERSION = 1.0;
				PRODUCT_BUNDLE_IDENTIFIER = kr.co.gpris.test01Tests;
				PRODUCT_NAME = "$(TARGET_NAME)";
				SWIFT_EMIT_LOC_STRINGS = NO;
				SWIFT_VERSION = 5.0;
				TARGETED_DEVICE_FAMILY = "1,2";
				TEST_HOST = "$(BUILT_PRODUCTS_DIR)/test01.app/$(BUNDLE_EXECUTABLE_FOLDER_PATH)/test01";
			};
			name = Debug;
		};
		333FFE6B2A162E2D00D59C97 /* Release */ = {
			isa = XCBuildConfiguration;
			buildSettings = {
				ALWAYS_EMBED_SWIFT_STANDARD_LIBRARIES = YES;
				BUNDLE_LOADER = "$(TEST_HOST)";
				CODE_SIGN_STYLE = Automatic;
				CURRENT_PROJECT_VERSION = 1;
				GENERATE_INFOPLIST_FILE = YES;
				IPHONEOS_DEPLOYMENT_TARGET = 16.4;
				MARKETING_VERSION = 1.0;
				PRODUCT_BUNDLE_IDENTIFIER = kr.co.gpris.test01Tests;
				PRODUCT_NAME = "$(TARGET_NAME)";
				SWIFT_EMIT_LOC_STRINGS = NO;
				SWIFT_VERSION = 5.0;
				TARGETED_DEVICE_FAMILY = "1,2";
				TEST_HOST = "$(BUILT_PRODUCTS_DIR)/test01.app/$(BUNDLE_EXECUTABLE_FOLDER_PATH)/test01";
			};
			name = Release;
		};
		333FFE6D2A162E2D00D59C97 /* Debug */ = {
			isa = XCBuildConfiguration;
			buildSettings = {
				ALWAYS_EMBED_SWIFT_STANDARD_LIBRARIES = YES;
				CODE_SIGN_STYLE = Automatic;
				CURRENT_PROJECT_VERSION = 1;
				GENERATE_INFOPLIST_FILE = YES;
				MARKETING_VERSION = 1.0;
				PRODUCT_BUNDLE_IDENTIFIER = kr.co.gpris.test01UITests;
				PRODUCT_NAME = "$(TARGET_NAME)";
				SWIFT_EMIT_LOC_STRINGS = NO;
				SWIFT_VERSION = 5.0;
				TARGETED_DEVICE_FAMILY = "1,2";
				TEST_TARGET_NAME = test01;
			};
			name = Debug;
		};
		333FFE6E2A162E2D00D59C97 /* Release */ = {
			isa = XCBuildConfiguration;
			buildSettings = {
				ALWAYS_EMBED_SWIFT_STANDARD_LIBRARIES = YES;
				CODE_SIGN_STYLE = Automatic;
				CURRENT_PROJECT_VERSION = 1;
				GENERATE_INFOPLIST_FILE = YES;
				MARKETING_VERSION = 1.0;
				PRODUCT_BUNDLE_IDENTIFIER = kr.co.gpris.test01UITests;
				PRODUCT_NAME = "$(TARGET_NAME)";
				SWIFT_EMIT_LOC_STRINGS = NO;
				SWIFT_VERSION = 5.0;
				TARGETED_DEVICE_FAMILY = "1,2";
				TEST_TARGET_NAME = test01;
			};
			name = Release;
		};
/* End XCBuildConfiguration section */

/* Begin XCConfigurationList section */
		333FFE3D2A162E2C00D59C97 /* Build configuration list for PBXProject "test01" */ = {
			isa = XCConfigurationList;
			buildConfigurations = (
				333FFE642A162E2D00D59C97 /* Debug */,
				333FFE652A162E2D00D59C97 /* Release */,
			);
			defaultConfigurationIsVisible = 0;
			defaultConfigurationName = Release;
		};
		333FFE662A162E2D00D59C97 /* Build configuration list for PBXNativeTarget "test01" */ = {
			isa = XCConfigurationList;
			buildConfigurations = (
				333FFE672A162E2D00D59C97 /* Debug */,
				333FFE682A162E2D00D59C97 /* Release */,
			);
			defaultConfigurationIsVisible = 0;
			defaultConfigurationName = Release;
		};
		333FFE692A162E2D00D59C97 /* Build configuration list for PBXNativeTarget "test01Tests" */ = {
			isa = XCConfigurationList;
			buildConfigurations = (
				333FFE6A2A162E2D00D59C97 /* Debug */,
				333FFE6B2A162E2D00D59C97 /* Release */,
			);
			defaultConfigurationIsVisible = 0;
			defaultConfigurationName = Release;
		};
		333FFE6C2A162E2D00D59C97 /* Build configuration list for PBXNativeTarget "test01UITests" */ = {
			isa = XCConfigurationList;
			buildConfigurations = (
				333FFE6D2A162E2D00D59C97 /* Debug */,
				333FFE6E2A162E2D00D59C97 /* Release */,
			);
			defaultConfigurationIsVisible = 0;
			defaultConfigurationName = Release;
		};
/* End XCConfigurationList section */
	};
	rootObject = 333FFE3A2A162E2C00D59C97 /* Project object */;
}
